
Microsoft Visual Studio Solution File, Format Version 12.00
# Visual Studio Version 17
VisualStudioVersion = 17.3.32825.248
MinimumVisualStudioVersion = 10.0.40219.1
Project("{FAE04EC0-301F-11D3-BF4B-00C04F79EFBC}") = "WpfApp5", "WpfApp5.csproj", "{991AC6FD-8206-47EB-A74F-18B21D0998EA}"
EndProject
Global
	GlobalSection(SolutionConfigurationPlatforms) = preSolution
		Debug|Any CPU = Debug|Any CPU
		Release|Any CPU = Release|Any CPU
	EndGlobalSection
	GlobalSection(ProjectConfigurationPlatforms) = postSolution
		{991AC6FD-8206-47EB-A74F-18B21D0998EA}.Debug|Any CPU.ActiveCfg = Debug|Any CPU
		{991AC6FD-8206-47EB-A74F-18B21D0998EA}.Debug|Any CPU.Build.0 = Debug|Any CPU
		{991AC6FD-8206-47EB-A74F-18B21D0998EA}.Release|Any CPU.ActiveCfg = Release|Any CPU
		{991AC6FD-8206-47EB-A74F-18B21D0998EA}.Release|Any CPU.Build.0 = Release|Any CPU
	EndGlobalSection
	GlobalSection(SolutionProperties) = preSolution
		HideSolutionNode = FALSE
	EndGlobalSection
	GlobalSection(ExtensibilityGlobals) = postSolution
		SolutionGuid = {9F37DBD9-E892-4163-A7FE-F86F8F72527B}
	EndGlobalSection
EndGlobal
